
Microsoft Visual Studio Solution File, Format Version 12.00
# Visual Studio Version 17
VisualStudioVersion = 17.4.33213.308
MinimumVisualStudioVersion = 10.0.40219.1
Project("{FAE04EC0-301F-11D3-BF4B-00C04F79EFBC}") = "vistas", "vistas\vistas.csproj", "{6003CEFC-5723-42A5-A56B-6E1BDD86DDBB}"
EndProject
Project("{FAE04EC0-301F-11D3-BF4B-00C04F79EFBC}") = "dominio", "dominio\dominio.csproj", "{E9435C0B-8692-4ACE-AD90-DA6F014B13B7}"
EndProject
Project("{FAE04EC0-301F-11D3-BF4B-00C04F79EFBC}") = "negocio", "negocio\negocio.csproj", "{10628D1D-ADE6-48BF-B4F8-07A009209352}"
EndProject
Global
	GlobalSection(SolutionConfigurationPlatforms) = preSolution
		Debug|Any CPU = Debug|Any CPU
		Release|Any CPU = Release|Any CPU
	EndGlobalSection
	GlobalSection(ProjectConfigurationPlatforms) = postSolution
		{6003CEFC-5723-42A5-A56B-6E1BDD86DDBB}.Debug|Any CPU.ActiveCfg = Debug|Any CPU
		{6003CEFC-5723-42A5-A56B-6E1BDD86DDBB}.Debug|Any CPU.Build.0 = Debug|Any CPU
		{6003CEFC-5723-42A5-A56B-6E1BDD86DDBB}.Release|Any CPU.ActiveCfg = Release|Any CPU
		{6003CEFC-5723-42A5-A56B-6E1BDD86DDBB}.Release|Any CPU.Build.0 = Release|Any CPU
		{E9435C0B-8692-4ACE-AD90-DA6F014B13B7}.Debug|Any CPU.ActiveCfg = Debug|Any CPU
		{E9435C0B-8692-4ACE-AD90-DA6F014B13B7}.Debug|Any CPU.Build.0 = Debug|Any CPU
		{E9435C0B-8692-4ACE-AD90-DA6F014B13B7}.Release|Any CPU.ActiveCfg = Release|Any CPU
		{E9435C0B-8692-4ACE-AD90-DA6F014B13B7}.Release|Any CPU.Build.0 = Release|Any CPU
		{10628D1D-ADE6-48BF-B4F8-07A009209352}.Debug|Any CPU.ActiveCfg = Debug|Any CPU
		{10628D1D-ADE6-48BF-B4F8-07A009209352}.Debug|Any CPU.Build.0 = Debug|Any CPU
		{10628D1D-ADE6-48BF-B4F8-07A009209352}.Release|Any CPU.ActiveCfg = Release|Any CPU
		{10628D1D-ADE6-48BF-B4F8-07A009209352}.Release|Any CPU.Build.0 = Release|Any CPU
	EndGlobalSection
	GlobalSection(SolutionProperties) = preSolution
		HideSolutionNode = FALSE
	EndGlobalSection
	GlobalSection(ExtensibilityGlobals) = postSolution
		SolutionGuid = {BCF55576-0D09-46BE-8B29-6D6E915FF597}
	EndGlobalSection
EndGlobal
